
Microsoft Visual Studio Solution File, Format Version 12.00
# Visual Studio Version 17
VisualStudioVersion = 17.6.33801.468
MinimumVisualStudioVersion = 10.0.40219.1
Project("{FAE04EC0-301F-11D3-BF4B-00C04F79EFBC}") = "Alarm APP", "Alarm APP\Alarm APP.csproj", "{81850F20-2819-499B-AD0F-C49787A820C1}"
EndProject
Global
	GlobalSection(SolutionConfigurationPlatforms) = preSolution
		Debug|Any CPU = Debug|Any CPU
		Release|Any CPU = Release|Any CPU
	EndGlobalSection
	GlobalSection(ProjectConfigurationPlatforms) = postSolution
		{81850F20-2819-499B-AD0F-C49787A820C1}.Debug|Any CPU.ActiveCfg = Debug|Any CPU
		{81850F20-2819-499B-AD0F-C49787A820C1}.Debug|Any CPU.Build.0 = Debug|Any CPU
		{81850F20-2819-499B-AD0F-C49787A820C1}.Release|Any CPU.ActiveCfg = Release|Any CPU
		{81850F20-2819-499B-AD0F-C49787A820C1}.Release|Any CPU.Build.0 = Release|Any CPU
	EndGlobalSection
	GlobalSection(SolutionProperties) = preSolution
		HideSolutionNode = FALSE
	EndGlobalSection
	GlobalSection(ExtensibilityGlobals) = postSolution
		SolutionGuid = {0CD7956B-F9AF-4F7B-97E6-2FFF7533F117}
	EndGlobalSection
EndGlobal
